
Microsoft Visual Studio Solution File, Format Version 12.00
# Visual Studio 14
VisualStudioVersion = 14.0.24720.0
MinimumVisualStudioVersion = 10.0.40219.1
Project("{FAE04EC0-301F-11D3-BF4B-00C04F79EFBC}") = "ZK.SchoolManagerPro.Model", "ZK.SchoolManagerPro.Model\ZK.SchoolManagerPro.Model.csproj", "{DCBD3C5E-EE72-48E4-9503-A38D8A140D09}"
EndProject
Project("{FAE04EC0-301F-11D3-BF4B-00C04F79EFBC}") = "ZK.SchoolManagerPro.Dal", "ZK.SchoolManagerPro.Dal\ZK.SchoolManagerPro.Dal.csproj", "{33F7AD54-7ECA-42DE-B18C-DEC1BBCF2F68}"
EndProject
Project("{FAE04EC0-301F-11D3-BF4B-00C04F79EFBC}") = "ZK.SchoolManagerPro.Bll", "ZK.SchoolManagerPro.Bll\ZK.SchoolManagerPro.Bll.csproj", "{6A06EC02-99DE-4596-87C2-466D107926D1}"
EndProject
Project("{FAE04EC0-301F-11D3-BF4B-00C04F79EFBC}") = "ZK.SchoolManagerPro.WebPoint", "ZK.SchoolManagerPro.WebPoint\ZK.SchoolManagerPro.WebPoint.csproj", "{B0F88D0F-5B50-47A1-8217-3ED2ECA1FD32}"
EndProject
Project("{FAE04EC0-301F-11D3-BF4B-00C04F79EFBC}") = "ZK.SchoolManagerPro.WebPoint.Tests", "ZK.SchoolManagerPro.WebPoint.Tests\ZK.SchoolManagerPro.WebPoint.Tests.csproj", "{82D32306-9B0E-491B-BE43-5AF2127E691D}"
EndProject
Global
	GlobalSection(SolutionConfigurationPlatforms) = preSolution
		Debug|Any CPU = Debug|Any CPU
		Release|Any CPU = Release|Any CPU
	EndGlobalSection
	GlobalSection(ProjectConfigurationPlatforms) = postSolution
		{DCBD3C5E-EE72-48E4-9503-A38D8A140D09}.Debug|Any CPU.ActiveCfg = Debug|Any CPU
		{DCBD3C5E-EE72-48E4-9503-A38D8A140D09}.Debug|Any CPU.Build.0 = Debug|Any CPU
		{DCBD3C5E-EE72-48E4-9503-A38D8A140D09}.Release|Any CPU.ActiveCfg = Release|Any CPU
		{DCBD3C5E-EE72-48E4-9503-A38D8A140D09}.Release|Any CPU.Build.0 = Release|Any CPU
		{33F7AD54-7ECA-42DE-B18C-DEC1BBCF2F68}.Debug|Any CPU.ActiveCfg = Debug|Any CPU
		{33F7AD54-7ECA-42DE-B18C-DEC1BBCF2F68}.Debug|Any CPU.Build.0 = Debug|Any CPU
		{33F7AD54-7ECA-42DE-B18C-DEC1BBCF2F68}.Release|Any CPU.ActiveCfg = Release|Any CPU
		{33F7AD54-7ECA-42DE-B18C-DEC1BBCF2F68}.Release|Any CPU.Build.0 = Release|Any CPU
		{6A06EC02-99DE-4596-87C2-466D107926D1}.Debug|Any CPU.ActiveCfg = Debug|Any CPU
		{6A06EC02-99DE-4596-87C2-466D107926D1}.Debug|Any CPU.Build.0 = Debug|Any CPU
		{6A06EC02-99DE-4596-87C2-466D107926D1}.Release|Any CPU.ActiveCfg = Release|Any CPU
		{6A06EC02-99DE-4596-87C2-466D107926D1}.Release|Any CPU.Build.0 = Release|Any CPU
		{B0F88D0F-5B50-47A1-8217-3ED2ECA1FD32}.Debug|Any CPU.ActiveCfg = Debug|Any CPU
		{B0F88D0F-5B50-47A1-8217-3ED2ECA1FD32}.Debug|Any CPU.Build.0 = Debug|Any CPU
		{B0F88D0F-5B50-47A1-8217-3ED2ECA1FD32}.Release|Any CPU.ActiveCfg = Release|Any CPU
		{B0F88D0F-5B50-47A1-8217-3ED2ECA1FD32}.Release|Any CPU.Build.0 = Release|Any CPU
		{82D32306-9B0E-491B-BE43-5AF2127E691D}.Debug|Any CPU.ActiveCfg = Debug|Any CPU
		{82D32306-9B0E-491B-BE43-5AF2127E691D}.Debug|Any CPU.Build.0 = Debug|Any CPU
		{82D32306-9B0E-491B-BE43-5AF2127E691D}.Release|Any CPU.ActiveCfg = Release|Any CPU
		{82D32306-9B0E-491B-BE43-5AF2127E691D}.Release|Any CPU.Build.0 = Release|Any CPU
	EndGlobalSection
	GlobalSection(SolutionProperties) = preSolution
		HideSolutionNode = FALSE
	EndGlobalSection
EndGlobal
